
Microsoft Visual Studio Solution File, Format Version 12.00
# Visual Studio Version 16
VisualStudioVersion = 16.0.29709.97
MinimumVisualStudioVersion = 10.0.40219.1
Project("{FAE04EC0-301F-11D3-BF4B-00C04F79EFBC}") = "SimpleAPI", "SimpleAPI.csproj", "{EAE9B87F-4B28-49A2-B38C-CE7C5731F703}"
EndProject
Project("{FAE04EC0-301F-11D3-BF4B-00C04F79EFBC}") = "XUnitTestProject1", "..\..\test\XUnitTestProject1\XUnitTestProject1.csproj", "{B12FC054-E331-4362-96E2-DBF28AE2A19D}"
EndProject
Global
	GlobalSection(SolutionConfigurationPlatforms) = preSolution
		Debug|Any CPU = Debug|Any CPU
		Release|Any CPU = Release|Any CPU
	EndGlobalSection
	GlobalSection(ProjectConfigurationPlatforms) = postSolution
		{EAE9B87F-4B28-49A2-B38C-CE7C5731F703}.Debug|Any CPU.ActiveCfg = Debug|Any CPU
		{EAE9B87F-4B28-49A2-B38C-CE7C5731F703}.Debug|Any CPU.Build.0 = Debug|Any CPU
		{EAE9B87F-4B28-49A2-B38C-CE7C5731F703}.Release|Any CPU.ActiveCfg = Release|Any CPU
		{EAE9B87F-4B28-49A2-B38C-CE7C5731F703}.Release|Any CPU.Build.0 = Release|Any CPU
		{B12FC054-E331-4362-96E2-DBF28AE2A19D}.Debug|Any CPU.ActiveCfg = Debug|Any CPU
		{B12FC054-E331-4362-96E2-DBF28AE2A19D}.Debug|Any CPU.Build.0 = Debug|Any CPU
		{B12FC054-E331-4362-96E2-DBF28AE2A19D}.Release|Any CPU.ActiveCfg = Release|Any CPU
		{B12FC054-E331-4362-96E2-DBF28AE2A19D}.Release|Any CPU.Build.0 = Release|Any CPU
	EndGlobalSection
	GlobalSection(SolutionProperties) = preSolution
		HideSolutionNode = FALSE
	EndGlobalSection
	GlobalSection(ExtensibilityGlobals) = postSolution
		SolutionGuid = {E72AEAB3-4CBC-4BAA-AD6C-85C428CED27D}
	EndGlobalSection
EndGlobal
